// !$*UTF8*$!
{
	archiveVersion = 1;
	classes = {
	};
	objectVersion = 50;
	objects = {

/* Begin PBXBuildFile section */
		4FC9D1CB23AD277E00D9A6C5 /* AppDelegate.swift in Sources */ = {isa = PBXBuildFile; fileRef = 4FC9D1CA23AD277E00D9A6C5 /* AppDelegate.swift */; };
		4FC9D1CD23AD277E00D9A6C5 /* SceneDelegate.swift in Sources */ = {isa = PBXBuildFile; fileRef = 4FC9D1CC23AD277E00D9A6C5 /* SceneDelegate.swift */; };
		4FC9D1D223AD277E00D9A6C5 /* Main.storyboard in Resources */ = {isa = PBXBuildFile; fileRef = 4FC9D1D023AD277E00D9A6C5 /* Main.storyboard */; };
		4FC9D1D423AD278300D9A6C5 /* Assets.xcassets in Resources */ = {isa = PBXBuildFile; fileRef = 4FC9D1D323AD278300D9A6C5 /* Assets.xcassets */; };
		4FC9D1D723AD278300D9A6C5 /* LaunchScreen.storyboard in Resources */ = {isa = PBXBuildFile; fileRef = 4FC9D1D523AD278300D9A6C5 /* LaunchScreen.storyboard */; };
		4FC9D1E223AD278300D9A6C5 /* WSJTests.swift in Sources */ = {isa = PBXBuildFile; fileRef = 4FC9D1E123AD278300D9A6C5 /* WSJTests.swift */; };
		4FC9D1F723B10F6D00D9A6C5 /* SectionsViewController.swift in Sources */ = {isa = PBXBuildFile; fileRef = 4FC9D1F623B10F6D00D9A6C5 /* SectionsViewController.swift */; };
		4FC9D1F923B112AE00D9A6C5 /* SectionTableViewCell.swift in Sources */ = {isa = PBXBuildFile; fileRef = 4FC9D1F823B112AE00D9A6C5 /* SectionTableViewCell.swift */; };
		4FC9D1FB23B11B9900D9A6C5 /* Section.swift in Sources */ = {isa = PBXBuildFile; fileRef = 4FC9D1FA23B11B9900D9A6C5 /* Section.swift */; };
		4FC9D1FD23B18EE700D9A6C5 /* HeadlinesViewController.swift in Sources */ = {isa = PBXBuildFile; fileRef = 4FC9D1FC23B18EE700D9A6C5 /* HeadlinesViewController.swift */; };
		4FC9D1FF23B18FFD00D9A6C5 /* WSJEndpoints.swift in Sources */ = {isa = PBXBuildFile; fileRef = 4FC9D1FE23B18FFD00D9A6C5 /* WSJEndpoints.swift */; };
		4FC9D20123B2207400D9A6C5 /* FeedParser.swift in Sources */ = {isa = PBXBuildFile; fileRef = 4FC9D20023B2207400D9A6C5 /* FeedParser.swift */; };
		4FC9D20323B2593200D9A6C5 /* HeadlinesTableViewCell.swift in Sources */ = {isa = PBXBuildFile; fileRef = 4FC9D20223B2593200D9A6C5 /* HeadlinesTableViewCell.swift */; };
		4FC9D20523B2595600D9A6C5 /* Headline.swift in Sources */ = {isa = PBXBuildFile; fileRef = 4FC9D20423B2595600D9A6C5 /* Headline.swift */; };
		4FC9D20723B2DDAF00D9A6C5 /* ArticleViewController.swift in Sources */ = {isa = PBXBuildFile; fileRef = 4FC9D20623B2DDAF00D9A6C5 /* ArticleViewController.swift */; };
/* End PBXBuildFile section */

/* Begin PBXContainerItemProxy section */
		4FC9D1DE23AD278300D9A6C5 /* PBXContainerItemProxy */ = {
			isa = PBXContainerItemProxy;
			containerPortal = 4FC9D1BF23AD277E00D9A6C5 /* Project object */;
			proxyType = 1;
			remoteGlobalIDString = 4FC9D1C623AD277E00D9A6C5;
			remoteInfo = WSJ;
		};
/* End PBXContainerItemProxy section */

/* Begin PBXFileReference section */
		4FC9D1C723AD277E00D9A6C5 /* WSJ.app */ = {isa = PBXFileReference; explicitFileType = wrapper.application; includeInIndex = 0; path = WSJ.app; sourceTree = BUILT_PRODUCTS_DIR; };
		4FC9D1CA23AD277E00D9A6C5 /* AppDelegate.swift */ = {isa = PBXFileReference; lastKnownFileType = sourcecode.swift; path = AppDelegate.swift; sourceTree = "<group>"; };
		4FC9D1CC23AD277E00D9A6C5 /* SceneDelegate.swift */ = {isa = PBXFileReference; lastKnownFileType = sourcecode.swift; path = SceneDelegate.swift; sourceTree = "<group>"; };
		4FC9D1D123AD277E00D9A6C5 /* Base */ = {isa = PBXFileReference; lastKnownFileType = file.storyboard; name = Base; path = Base.lproj/Main.storyboard; sourceTree = "<group>"; };
		4FC9D1D323AD278300D9A6C5 /* Assets.xcassets */ = {isa = PBXFileReference; lastKnownFileType = folder.assetcatalog; path = Assets.xcassets; sourceTree = "<group>"; };
		4FC9D1D623AD278300D9A6C5 /* Base */ = {isa = PBXFileReference; lastKnownFileType = file.storyboard; name = Base; path = Base.lproj/LaunchScreen.storyboard; sourceTree = "<group>"; };
		4FC9D1D823AD278300D9A6C5 /* Info.plist */ = {isa = PBXFileReference; lastKnownFileType = text.plist.xml; path = Info.plist; sourceTree = "<group>"; };
		4FC9D1DD23AD278300D9A6C5 /* WSJTests.xctest */ = {isa = PBXFileReference; explicitFileType = wrapper.cfbundle; includeInIndex = 0; path = WSJTests.xctest; sourceTree = BUILT_PRODUCTS_DIR; };
		4FC9D1E123AD278300D9A6C5 /* WSJTests.swift */ = {isa = PBXFileReference; lastKnownFileType = sourcecode.swift; path = WSJTests.swift; sourceTree = "<group>"; };
		4FC9D1E323AD278300D9A6C5 /* Info.plist */ = {isa = PBXFileReference; lastKnownFileType = text.plist.xml; path = Info.plist; sourceTree = "<group>"; };
		4FC9D1F623B10F6D00D9A6C5 /* SectionsViewController.swift */ = {isa = PBXFileReference; lastKnownFileType = sourcecode.swift; path = SectionsViewController.swift; sourceTree = "<group>"; };
		4FC9D1F823B112AE00D9A6C5 /* SectionTableViewCell.swift */ = {isa = PBXFileReference; lastKnownFileType = sourcecode.swift; path = SectionTableViewCell.swift; sourceTree = "<group>"; };
		4FC9D1FA23B11B9900D9A6C5 /* Section.swift */ = {isa = PBXFileReference; lastKnownFileType = sourcecode.swift; path = Section.swift; sourceTree = "<group>"; };
		4FC9D1FC23B18EE700D9A6C5 /* HeadlinesViewController.swift */ = {isa = PBXFileReference; lastKnownFileType = sourcecode.swift; path = HeadlinesViewController.swift; sourceTree = "<group>"; };
		4FC9D1FE23B18FFD00D9A6C5 /* WSJEndpoints.swift */ = {isa = PBXFileReference; lastKnownFileType = sourcecode.swift; path = WSJEndpoints.swift; sourceTree = "<group>"; };
		4FC9D20023B2207400D9A6C5 /* FeedParser.swift */ = {isa = PBXFileReference; lastKnownFileType = sourcecode.swift; path = FeedParser.swift; sourceTree = "<group>"; };
		4FC9D20223B2593200D9A6C5 /* HeadlinesTableViewCell.swift */ = {isa = PBXFileReference; lastKnownFileType = sourcecode.swift; path = HeadlinesTableViewCell.swift; sourceTree = "<group>"; };
		4FC9D20423B2595600D9A6C5 /* Headline.swift */ = {isa = PBXFileReference; lastKnownFileType = sourcecode.swift; path = Headline.swift; sourceTree = "<group>"; };
		4FC9D20623B2DDAF00D9A6C5 /* ArticleViewController.swift */ = {isa = PBXFileReference; lastKnownFileType = sourcecode.swift; path = ArticleViewController.swift; sourceTree = "<group>"; };
/* End PBXFileReference section */

/* Begin PBXFrameworksBuildPhase section */
		4FC9D1C423AD277E00D9A6C5 /* Frameworks */ = {
			isa = PBXFrameworksBuildPhase;
			buildActionMask = 2147483647;
			files = (
			);
			runOnlyForDeploymentPostprocessing = 0;
		};
		4FC9D1DA23AD278300D9A6C5 /* Frameworks */ = {
			isa = PBXFrameworksBuildPhase;
			buildActionMask = 2147483647;
			files = (
			);
			runOnlyForDeploymentPostprocessing = 0;
		};
/* End PBXFrameworksBuildPhase section */

/* Begin PBXGroup section */
		4FC9D1BE23AD277E00D9A6C5 = {
			isa = PBXGroup;
			children = (
				4FC9D1C923AD277E00D9A6C5 /* WSJ */,
				4FC9D1F223B10E9300D9A6C5 /* Supporting Files */,
				4FC9D1E023AD278300D9A6C5 /* WSJTests */,
				4FC9D1C823AD277E00D9A6C5 /* Products */,
			);
			sourceTree = "<group>";
		};
		4FC9D1C823AD277E00D9A6C5 /* Products */ = {
			isa = PBXGroup;
			children = (
				4FC9D1C723AD277E00D9A6C5 /* WSJ.app */,
				4FC9D1DD23AD278300D9A6C5 /* WSJTests.xctest */,
			);
			name = Products;
			sourceTree = "<group>";
		};
		4FC9D1C923AD277E00D9A6C5 /* WSJ */ = {
			isa = PBXGroup;
			children = (
				4FC9D1CA23AD277E00D9A6C5 /* AppDelegate.swift */,
				4FC9D1CC23AD277E00D9A6C5 /* SceneDelegate.swift */,
				4FC9D1D023AD277E00D9A6C5 /* Main.storyboard */,
				4FC9D1D823AD278300D9A6C5 /* Info.plist */,
				4FC9D1FE23B18FFD00D9A6C5 /* WSJEndpoints.swift */,
				4FC9D20023B2207400D9A6C5 /* FeedParser.swift */,
				4FC9D1F323B10EB200D9A6C5 /* Sections */,
				4FC9D1F423B10ED200D9A6C5 /* Headlines */,
				4FC9D1F523B10EE200D9A6C5 /* Articles */,
			);
			path = WSJ;
			sourceTree = "<group>";
		};
		4FC9D1E023AD278300D9A6C5 /* WSJTests */ = {
			isa = PBXGroup;
			children = (
				4FC9D1E123AD278300D9A6C5 /* WSJTests.swift */,
				4FC9D1E323AD278300D9A6C5 /* Info.plist */,
			);
			path = WSJTests;
			sourceTree = "<group>";
		};
		4FC9D1F223B10E9300D9A6C5 /* Supporting Files */ = {
			isa = PBXGroup;
			children = (
				4FC9D1D323AD278300D9A6C5 /* Assets.xcassets */,
				4FC9D1D523AD278300D9A6C5 /* LaunchScreen.storyboard */,
			);
			path = "Supporting Files";
			sourceTree = "<group>";
		};
		4FC9D1F323B10EB200D9A6C5 /* Sections */ = {
			isa = PBXGroup;
			children = (
				4FC9D1F623B10F6D00D9A6C5 /* SectionsViewController.swift */,
				4FC9D1F823B112AE00D9A6C5 /* SectionTableViewCell.swift */,
				4FC9D1FA23B11B9900D9A6C5 /* Section.swift */,
			);
			path = Sections;
			sourceTree = "<group>";
		};
		4FC9D1F423B10ED200D9A6C5 /* Headlines */ = {
			isa = PBXGroup;
			children = (
				4FC9D1FC23B18EE700D9A6C5 /* HeadlinesViewController.swift */,
				4FC9D20223B2593200D9A6C5 /* HeadlinesTableViewCell.swift */,
				4FC9D20423B2595600D9A6C5 /* Headline.swift */,
			);
			path = Headlines;
			sourceTree = "<group>";
		};
		4FC9D1F523B10EE200D9A6C5 /* Articles */ = {
			isa = PBXGroup;
			children = (
				4FC9D20623B2DDAF00D9A6C5 /* ArticleViewController.swift */,
			);
			path = Articles;
			sourceTree = "<group>";
		};
/* End PBXGroup section */

/* Begin PBXNativeTarget section */
		4FC9D1C623AD277E00D9A6C5 /* WSJ */ = {
			isa = PBXNativeTarget;
			buildConfigurationList = 4FC9D1E623AD278400D9A6C5 /* Build configuration list for PBXNativeTarget "WSJ" */;
			buildPhases = (
				4FC9D1C323AD277E00D9A6C5 /* Sources */,
				4FC9D1C423AD277E00D9A6C5 /* Frameworks */,
				4FC9D1C523AD277E00D9A6C5 /* Resources */,
			);
			buildRules = (
			);
			dependencies = (
			);
			name = WSJ;
			productName = WSJ;
			productReference = 4FC9D1C723AD277E00D9A6C5 /* WSJ.app */;
			productType = "com.apple.product-type.application";
		};
		4FC9D1DC23AD278300D9A6C5 /* WSJTests */ = {
			isa = PBXNativeTarget;
			buildConfigurationList = 4FC9D1E923AD278400D9A6C5 /* Build configuration list for PBXNativeTarget "WSJTests" */;
			buildPhases = (
				4FC9D1D923AD278300D9A6C5 /* Sources */,
				4FC9D1DA23AD278300D9A6C5 /* Frameworks */,
				4FC9D1DB23AD278300D9A6C5 /* Resources */,
			);
			buildRules = (
			);
			dependencies = (
				4FC9D1DF23AD278300D9A6C5 /* PBXTargetDependency */,
			);
			name = WSJTests;
			productName = WSJTests;
			productReference = 4FC9D1DD23AD278300D9A6C5 /* WSJTests.xctest */;
			productType = "com.apple.product-type.bundle.unit-test";
		};
/* End PBXNativeTarget section */

/* Begin PBXProject section */
		4FC9D1BF23AD277E00D9A6C5 /* Project object */ = {
			isa = PBXProject;
			attributes = {
				LastSwiftUpdateCheck = 1120;
				LastUpgradeCheck = 1120;
				ORGANIZATIONNAME = dberger1;
				TargetAttributes = {
					4FC9D1C623AD277E00D9A6C5 = {
						CreatedOnToolsVersion = 11.2.1;
					};
					4FC9D1DC23AD278300D9A6C5 = {
						CreatedOnToolsVersion = 11.2.1;
						TestTargetID = 4FC9D1C623AD277E00D9A6C5;
					};
				};
			};
			buildConfigurationList = 4FC9D1C223AD277E00D9A6C5 /* Build configuration list for PBXProject "WSJ" */;
			compatibilityVersion = "Xcode 9.3";
			developmentRegion = en;
			hasScannedForEncodings = 0;
			knownRegions = (
				en,
				Base,
			);
			mainGroup = 4FC9D1BE23AD277E00D9A6C5;
			productRefGroup = 4FC9D1C823AD277E00D9A6C5 /* Products */;
			projectDirPath = "";
			projectRoot = "";
			targets = (
				4FC9D1C623AD277E00D9A6C5 /* WSJ */,
				4FC9D1DC23AD278300D9A6C5 /* WSJTests */,
			);
		};
/* End PBXProject section */

/* Begin PBXResourcesBuildPhase section */
		4FC9D1C523AD277E00D9A6C5 /* Resources */ = {
			isa = PBXResourcesBuildPhase;
			buildActionMask = 2147483647;
			files = (
				4FC9D1D723AD278300D9A6C5 /* LaunchScreen.storyboard in Resources */,
				4FC9D1D423AD278300D9A6C5 /* Assets.xcassets in Resources */,
				4FC9D1D223AD277E00D9A6C5 /* Main.storyboard in Resources */,
			);
			runOnlyForDeploymentPostprocessing = 0;
		};
		4FC9D1DB23AD278300D9A6C5 /* Resources */ = {
			isa = PBXResourcesBuildPhase;
			buildActionMask = 2147483647;
			files = (
			);
			runOnlyForDeploymentPostprocessing = 0;
		};
/* End PBXResourcesBuildPhase section */

/* Begin PBXSourcesBuildPhase section */
		4FC9D1C323AD277E00D9A6C5 /* Sources */ = {
			isa = PBXSourcesBuildPhase;
			buildActionMask = 2147483647;
			files = (
				4FC9D1FB23B11B9900D9A6C5 /* Section.swift in Sources */,
				4FC9D20523B2595600D9A6C5 /* Headline.swift in Sources */,
				4FC9D1CB23AD277E00D9A6C5 /* AppDelegate.swift in Sources */,
				4FC9D1FD23B18EE700D9A6C5 /* HeadlinesViewController.swift in Sources */,
				4FC9D1FF23B18FFD00D9A6C5 /* WSJEndpoints.swift in Sources */,
				4FC9D20723B2DDAF00D9A6C5 /* ArticleViewController.swift in Sources */,
				4FC9D20323B2593200D9A6C5 /* HeadlinesTableViewCell.swift in Sources */,
				4FC9D20123B2207400D9A6C5 /* FeedParser.swift in Sources */,
				4FC9D1CD23AD277E00D9A6C5 /* SceneDelegate.swift in Sources */,
				4FC9D1F923B112AE00D9A6C5 /* SectionTableViewCell.swift in Sources */,
				4FC9D1F723B10F6D00D9A6C5 /* SectionsViewController.swift in Sources */,
			);
			runOnlyForDeploymentPostprocessing = 0;
		};
		4FC9D1D923AD278300D9A6C5 /* Sources */ = {
			isa = PBXSourcesBuildPhase;
			buildActionMask = 2147483647;
			files = (
				4FC9D1E223AD278300D9A6C5 /* WSJTests.swift in Sources */,
			);
			runOnlyForDeploymentPostprocessing = 0;
		};
/* End PBXSourcesBuildPhase section */

/* Begin PBXTargetDependency section */
		4FC9D1DF23AD278300D9A6C5 /* PBXTargetDependency */ = {
			isa = PBXTargetDependency;
			target = 4FC9D1C623AD277E00D9A6C5 /* WSJ */;
			targetProxy = 4FC9D1DE23AD278300D9A6C5 /* PBXContainerItemProxy */;
		};
/* End PBXTargetDependency section */

/* Begin PBXVariantGroup section */
		4FC9D1D023AD277E00D9A6C5 /* Main.storyboard */ = {
			isa = PBXVariantGroup;
			children = (
				4FC9D1D123AD277E00D9A6C5 /* Base */,
			);
			name = Main.storyboard;
			sourceTree = "<group>";
		};
		4FC9D1D523AD278300D9A6C5 /* LaunchScreen.storyboard */ = {
			isa = PBXVariantGroup;
			children = (
				4FC9D1D623AD278300D9A6C5 /* Base */,
			);
			name = LaunchScreen.storyboard;
			sourceTree = "<group>";
		};
/* End PBXVariantGroup section */

/* Begin XCBuildConfiguration section */
		4FC9D1E423AD278400D9A6C5 /* Debug */ = {
			isa = XCBuildConfiguration;
			buildSettings = {
				ALWAYS_SEARCH_USER_PATHS = NO;
				CLANG_ANALYZER_NONNULL = YES;
				CLANG_ANALYZER_NUMBER_OBJECT_CONVERSION = YES_AGGRESSIVE;
				CLANG_CXX_LANGUAGE_STANDARD = "gnu++14";
				CLANG_CXX_LIBRARY = "libc++";
				CLANG_ENABLE_MODULES = YES;
				CLANG_ENABLE_OBJC_ARC = YES;
				CLANG_ENABLE_OBJC_WEAK = YES;
				CLANG_WARN_BLOCK_CAPTURE_AUTORELEASING = YES;
				CLANG_WARN_BOOL_CONVERSION = YES;
				CLANG_WARN_COMMA = YES;
				CLANG_WARN_CONSTANT_CONVERSION = YES;
				CLANG_WARN_DEPRECATED_OBJC_IMPLEMENTATIONS = YES;
				CLANG_WARN_DIRECT_OBJC_ISA_USAGE = YES_ERROR;
				CLANG_WARN_DOCUMENTATION_COMMENTS = YES;
				CLANG_WARN_EMPTY_BODY = YES;
				CLANG_WARN_ENUM_CONVERSION = YES;
				CLANG_WARN_INFINITE_RECURSION = YES;
				CLANG_WARN_INT_CONVERSION = YES;
				CLANG_WARN_NON_LITERAL_NULL_CONVERSION = YES;
				CLANG_WARN_OBJC_IMPLICIT_RETAIN_SELF = YES;
				CLANG_WARN_OBJC_LITERAL_CONVERSION = YES;
				CLANG_WARN_OBJC_ROOT_CLASS = YES_ERROR;
				CLANG_WARN_RANGE_LOOP_ANALYSIS = YES;
				CLANG_WARN_STRICT_PROTOTYPES = YES;
				CLANG_WARN_SUSPICIOUS_MOVE = YES;
				CLANG_WARN_UNGUARDED_AVAILABILITY = YES_AGGRESSIVE;
				CLANG_WARN_UNREACHABLE_CODE = YES;
				CLANG_WARN__DUPLICATE_METHOD_MATCH = YES;
				COPY_PHASE_STRIP = NO;
				DEBUG_INFORMATION_FORMAT = dwarf;
				ENABLE_STRICT_OBJC_MSGSEND = YES;
				ENABLE_TESTABILITY = YES;
				GCC_C_LANGUAGE_STANDARD = gnu11;
				GCC_DYNAMIC_NO_PIC = NO;
				GCC_NO_COMMON_BLOCKS = YES;
				GCC_OPTIMIZATION_LEVEL = 0;
				GCC_PREPROCESSOR_DEFINITIONS = (
					"DEBUG=1",
					"$(inherited)",
				);
				GCC_WARN_64_TO_32_BIT_CONVERSION = YES;
				GCC_WARN_ABOUT_RETURN_TYPE = YES_ERROR;
				GCC_WARN_UNDECLARED_SELECTOR = YES;
				GCC_WARN_UNINITIALIZED_AUTOS = YES_AGGRESSIVE;
				GCC_WARN_UNUSED_FUNCTION = YES;
				GCC_WARN_UNUSED_VARIABLE = YES;
				IPHONEOS_DEPLOYMENT_TARGET = 13.2;
				MTL_ENABLE_DEBUG_INFO = INCLUDE_SOURCE;
				MTL_FAST_MATH = YES;
				ONLY_ACTIVE_ARCH = YES;
				SDKROOT = iphoneos;
				SWIFT_ACTIVE_COMPILATION_CONDITIONS = DEBUG;
				SWIFT_OPTIMIZATION_LEVEL = "-Onone";
			};
			name = Debug;
		};
		4FC9D1E523AD278400D9A6C5 /* Release */ = {
			isa = XCBuildConfiguration;
			buildSettings = {
				ALWAYS_SEARCH_USER_PATHS = NO;
				CLANG_ANALYZER_NONNULL = YES;
				CLANG_ANALYZER_NUMBER_OBJECT_CONVERSION = YES_AGGRESSIVE;
				CLANG_CXX_LANGUAGE_STANDARD = "gnu++14";
				CLANG_CXX_LIBRARY = "libc++";
				CLANG_ENABLE_MODULES = YES;
				CLANG_ENABLE_OBJC_ARC = YES;
				CLANG_ENABLE_OBJC_WEAK = YES;
				CLANG_WARN_BLOCK_CAPTURE_AUTORELEASING = YES;
				CLANG_WARN_BOOL_CONVERSION = YES;
				CLANG_WARN_COMMA = YES;
				CLANG_WARN_CONSTANT_CONVERSION = YES;
				CLANG_WARN_DEPRECATED_OBJC_IMPLEMENTATIONS = YES;
				CLANG_WARN_DIRECT_OBJC_ISA_USAGE = YES_ERROR;
				CLANG_WARN_DOCUMENTATION_COMMENTS = YES;
				CLANG_WARN_EMPTY_BODY = YES;
				CLANG_WARN_ENUM_CONVERSION = YES;
				CLANG_WARN_INFINITE_RECURSION = YES;
				CLANG_WARN_INT_CONVERSION = YES;
				CLANG_WARN_NON_LITERAL_NULL_CONVERSION = YES;
				CLANG_WARN_OBJC_IMPLICIT_RETAIN_SELF = YES;
				CLANG_WARN_OBJC_LITERAL_CONVERSION = YES;
				CLANG_WARN_OBJC_ROOT_CLASS = YES_ERROR;
				CLANG_WARN_RANGE_LOOP_ANALYSIS = YES;
				CLANG_WARN_STRICT_PROTOTYPES = YES;
				CLANG_WARN_SUSPICIOUS_MOVE = YES;
				CLANG_WARN_UNGUARDED_AVAILABILITY = YES_AGGRESSIVE;
				CLANG_WARN_UNREACHABLE_CODE = YES;
				CLANG_WARN__DUPLICATE_METHOD_MATCH = YES;
				COPY_PHASE_STRIP = NO;
				DEBUG_INFORMATION_FORMAT = "dwarf-with-dsym";
				ENABLE_NS_ASSERTIONS = NO;
				ENABLE_STRICT_OBJC_MSGSEND = YES;
				GCC_C_LANGUAGE_STANDARD = gnu11;
				GCC_NO_COMMON_BLOCKS = YES;
				GCC_WARN_64_TO_32_BIT_CONVERSION = YES;
				GCC_WARN_ABOUT_RETURN_TYPE = YES_ERROR;
				GCC_WARN_UNDECLARED_SELECTOR = YES;
				GCC_WARN_UNINITIALIZED_AUTOS = YES_AGGRESSIVE;
				GCC_WARN_UNUSED_FUNCTION = YES;
				GCC_WARN_UNUSED_VARIABLE = YES;
				IPHONEOS_DEPLOYMENT_TARGET = 13.2;
				MTL_ENABLE_DEBUG_INFO = NO;
				MTL_FAST_MATH = YES;
				SDKROOT = iphoneos;
				SWIFT_COMPILATION_MODE = wholemodule;
				SWIFT_OPTIMIZATION_LEVEL = "-O";
				VALIDATE_PRODUCT = YES;
			};
			name = Release;
		};
		4FC9D1E723AD278400D9A6C5 /* Debug */ = {
			isa = XCBuildConfiguration;
			buildSettings = {
				ASSETCATALOG_COMPILER_APPICON_NAME = AppIcon;
				CODE_SIGN_STYLE = Automatic;
				DEVELOPMENT_TEAM = 6775TJNQT2;
				INFOPLIST_FILE = WSJ/Info.plist;
				LD_RUNPATH_SEARCH_PATHS = (
					"$(inherited)",
					"@executable_path/Frameworks",
				);
				PRODUCT_BUNDLE_IDENTIFIER = com.danielberger.WSJ;
				PRODUCT_NAME = "$(TARGET_NAME)";
				SWIFT_VERSION = 5.0;
				TARGETED_DEVICE_FAMILY = "1,2";
			};
			name = Debug;
		};
		4FC9D1E823AD278400D9A6C5 /* Release */ = {
			isa = XCBuildConfiguration;
			buildSettings = {
				ASSETCATALOG_COMPILER_APPICON_NAME = AppIcon;
				CODE_SIGN_STYLE = Automatic;
				DEVELOPMENT_TEAM = 6775TJNQT2;
				INFOPLIST_FILE = WSJ/Info.plist;
				LD_RUNPATH_SEARCH_PATHS = (
					"$(inherited)",
					"@executable_path/Frameworks",
				);
				PRODUCT_BUNDLE_IDENTIFIER = com.danielberger.WSJ;
				PRODUCT_NAME = "$(TARGET_NAME)";
				SWIFT_VERSION = 5.0;
				TARGETED_DEVICE_FAMILY = "1,2";
			};
			name = Release;
		};
		4FC9D1EA23AD278400D9A6C5 /* Debug */ = {
			isa = XCBuildConfiguration;
			buildSettings = {
				ALWAYS_EMBED_SWIFT_STANDARD_LIBRARIES = YES;
				BUNDLE_LOADER = "$(TEST_HOST)";
				CODE_SIGN_STYLE = Automatic;
				DEVELOPMENT_TEAM = 6775TJNQT2;
				INFOPLIST_FILE = WSJTests/Info.plist;
				IPHONEOS_DEPLOYMENT_TARGET = 13.2;
				LD_RUNPATH_SEARCH_PATHS = (
					"$(inherited)",
					"@executable_path/Frameworks",
					"@loader_path/Frameworks",
				);
				PRODUCT_BUNDLE_IDENTIFIER = com.danielberger.WSJTests;
				PRODUCT_NAME = "$(TARGET_NAME)";
				SWIFT_VERSION = 5.0;
				TARGETED_DEVICE_FAMILY = "1,2";
				TEST_HOST = "$(BUILT_PRODUCTS_DIR)/WSJ.app/WSJ";
			};
			name = Debug;
		};
		4FC9D1EB23AD278400D9A6C5 /* Release */ = {
			isa = XCBuildConfiguration;
			buildSettings = {
				ALWAYS_EMBED_SWIFT_STANDARD_LIBRARIES = YES;
				BUNDLE_LOADER = "$(TEST_HOST)";
				CODE_SIGN_STYLE = Automatic;
				DEVELOPMENT_TEAM = 6775TJNQT2;
				INFOPLIST_FILE = WSJTests/Info.plist;
				IPHONEOS_DEPLOYMENT_TARGET = 13.2;
				LD_RUNPATH_SEARCH_PATHS = (
					"$(inherited)",
					"@executable_path/Frameworks",
					"@loader_path/Frameworks",
				);
				PRODUCT_BUNDLE_IDENTIFIER = com.danielberger.WSJTests;
				PRODUCT_NAME = "$(TARGET_NAME)";
				SWIFT_VERSION = 5.0;
				TARGETED_DEVICE_FAMILY = "1,2";
				TEST_HOST = "$(BUILT_PRODUCTS_DIR)/WSJ.app/WSJ";
			};
			name = Release;
		};
/* End XCBuildConfiguration section */

/* Begin XCConfigurationList section */
		4FC9D1C223AD277E00D9A6C5 /* Build configuration list for PBXProject "WSJ" */ = {
			isa = XCConfigurationList;
			buildConfigurations = (
				4FC9D1E423AD278400D9A6C5 /* Debug */,
				4FC9D1E523AD278400D9A6C5 /* Release */,
			);
			defaultConfigurationIsVisible = 0;
			defaultConfigurationName = Release;
		};
		4FC9D1E623AD278400D9A6C5 /* Build configuration list for PBXNativeTarget "WSJ" */ = {
			isa = XCConfigurationList;
			buildConfigurations = (
				4FC9D1E723AD278400D9A6C5 /* Debug */,
				4FC9D1E823AD278400D9A6C5 /* Release */,
			);
			defaultConfigurationIsVisible = 0;
			defaultConfigurationName = Release;
		};
		4FC9D1E923AD278400D9A6C5 /* Build configuration list for PBXNativeTarget "WSJTests" */ = {
			isa = XCConfigurationList;
			buildConfigurations = (
				4FC9D1EA23AD278400D9A6C5 /* Debug */,
				4FC9D1EB23AD278400D9A6C5 /* Release */,
			);
			defaultConfigurationIsVisible = 0;
			defaultConfigurationName = Release;
		};
/* End XCConfigurationList section */
	};
	rootObject = 4FC9D1BF23AD277E00D9A6C5 /* Project object */;
}
